
Microsoft Visual Studio Solution File, Format Version 12.00
# Visual Studio 15
VisualStudioVersion = 15.0.28307.329
MinimumVisualStudioVersion = 10.0.40219.1
Project("{FAE04EC0-301F-11D3-BF4B-00C04F79EFBC}") = "DemoTheme", "DemoTheme\DemoTheme.csproj", "{D79D5ACC-6613-468E-963E-A424DE03C383}"
EndProject
Global
	GlobalSection(SolutionConfigurationPlatforms) = preSolution
		Debug|Any CPU = Debug|Any CPU
		Release|Any CPU = Release|Any CPU
	EndGlobalSection
	GlobalSection(ProjectConfigurationPlatforms) = postSolution
		{D79D5ACC-6613-468E-963E-A424DE03C383}.Debug|Any CPU.ActiveCfg = Debug|Any CPU
		{D79D5ACC-6613-468E-963E-A424DE03C383}.Debug|Any CPU.Build.0 = Debug|Any CPU
		{D79D5ACC-6613-468E-963E-A424DE03C383}.Release|Any CPU.ActiveCfg = Release|Any CPU
		{D79D5ACC-6613-468E-963E-A424DE03C383}.Release|Any CPU.Build.0 = Release|Any CPU
	EndGlobalSection
	GlobalSection(SolutionProperties) = preSolution
		HideSolutionNode = FALSE
	EndGlobalSection
	GlobalSection(ExtensibilityGlobals) = postSolution
		SolutionGuid = {310E79D8-7FBD-4DE8-A804-03880B37EA70}
	EndGlobalSection
EndGlobal
