
Microsoft Visual Studio Solution File, Format Version 12.00
# Visual Studio 15
VisualStudioVersion = 15.0.28307.329
MinimumVisualStudioVersion = 10.0.40219.1
Project("{FAE04EC0-301F-11D3-BF4B-00C04F79EFBC}") = "TerzoChat", "TerzoChat\TerzoChat.csproj", "{922892EF-25D4-46D5-A813-35E56EDD078E}"
EndProject
Project("{FAE04EC0-301F-11D3-BF4B-00C04F79EFBC}") = "Urus.UI", "..\..\..\DappNBS\WPFEstoque\Urus.UI\Urus.UI\Urus.UI.csproj", "{A7E0DD58-BC31-42E0-BF00-1AFE1C70A4B5}"
EndProject
Project("{FAE04EC0-301F-11D3-BF4B-00C04F79EFBC}") = "nbs-grpc2s-lib", "..\..\gonbs-rpc-test\nbs-grpc2s-lib\nbs-grpc2s-lib.csproj", "{99568F09-9E3E-4B08-8164-6C7EB2647534}"
EndProject
Project("{FAE04EC0-301F-11D3-BF4B-00C04F79EFBC}") = "Urus.Tools", "..\..\..\DappNBS\WPFEstoque\Urus.Tools\Urus.Tools.csproj", "{3CB7F544-3F9A-450E-BCFD-F056B28897BC}"
EndProject
Global
	GlobalSection(SolutionConfigurationPlatforms) = preSolution
		Debug|Any CPU = Debug|Any CPU
		Release|Any CPU = Release|Any CPU
	EndGlobalSection
	GlobalSection(ProjectConfigurationPlatforms) = postSolution
		{922892EF-25D4-46D5-A813-35E56EDD078E}.Debug|Any CPU.ActiveCfg = Debug|Any CPU
		{922892EF-25D4-46D5-A813-35E56EDD078E}.Debug|Any CPU.Build.0 = Debug|Any CPU
		{922892EF-25D4-46D5-A813-35E56EDD078E}.Release|Any CPU.ActiveCfg = Release|Any CPU
		{922892EF-25D4-46D5-A813-35E56EDD078E}.Release|Any CPU.Build.0 = Release|Any CPU
		{A7E0DD58-BC31-42E0-BF00-1AFE1C70A4B5}.Debug|Any CPU.ActiveCfg = Debug|Any CPU
		{A7E0DD58-BC31-42E0-BF00-1AFE1C70A4B5}.Debug|Any CPU.Build.0 = Debug|Any CPU
		{A7E0DD58-BC31-42E0-BF00-1AFE1C70A4B5}.Release|Any CPU.ActiveCfg = Release|Any CPU
		{A7E0DD58-BC31-42E0-BF00-1AFE1C70A4B5}.Release|Any CPU.Build.0 = Release|Any CPU
		{99568F09-9E3E-4B08-8164-6C7EB2647534}.Debug|Any CPU.ActiveCfg = Debug|Any CPU
		{99568F09-9E3E-4B08-8164-6C7EB2647534}.Debug|Any CPU.Build.0 = Debug|Any CPU
		{99568F09-9E3E-4B08-8164-6C7EB2647534}.Release|Any CPU.ActiveCfg = Release|Any CPU
		{99568F09-9E3E-4B08-8164-6C7EB2647534}.Release|Any CPU.Build.0 = Release|Any CPU
		{3CB7F544-3F9A-450E-BCFD-F056B28897BC}.Debug|Any CPU.ActiveCfg = Debug|Any CPU
		{3CB7F544-3F9A-450E-BCFD-F056B28897BC}.Debug|Any CPU.Build.0 = Debug|Any CPU
		{3CB7F544-3F9A-450E-BCFD-F056B28897BC}.Release|Any CPU.ActiveCfg = Release|Any CPU
		{3CB7F544-3F9A-450E-BCFD-F056B28897BC}.Release|Any CPU.Build.0 = Release|Any CPU
	EndGlobalSection
	GlobalSection(SolutionProperties) = preSolution
		HideSolutionNode = FALSE
	EndGlobalSection
	GlobalSection(ExtensibilityGlobals) = postSolution
		SolutionGuid = {BBDCC766-F139-4778-AA90-99B23F1463F5}
	EndGlobalSection
EndGlobal
